// !$*UTF8*$!
{
	archiveVersion = 1;
	classes = {
	};
	objectVersion = 46;
	objects = {

/* Begin PBXBuildFile section */
		2D0606951E0A979B00AA0C41 /* Assets.xcassets in Resources */ = {isa = PBXBuildFile; fileRef = 2D0606941E0A979B00AA0C41 /* Assets.xcassets */; };
		2D0606A31E0A979B00AA0C41 /* RecipesListTests.swift in Sources */ = {isa = PBXBuildFile; fileRef = 2D0606A21E0A979B00AA0C41 /* RecipesListTests.swift */; };
		2D0606AE1E0A979B00AA0C41 /* RecipesListUITests.swift in Sources */ = {isa = PBXBuildFile; fileRef = 2D0606AD1E0A979B00AA0C41 /* RecipesListUITests.swift */; };
		2D06070A1E0A97DE00AA0C41 /* Array.swift in Sources */ = {isa = PBXBuildFile; fileRef = 2D0606BE1E0A97DE00AA0C41 /* Array.swift */; };
		2D06070B1E0A97DE00AA0C41 /* UICollectionView.swift in Sources */ = {isa = PBXBuildFile; fileRef = 2D0606C01E0A97DE00AA0C41 /* UICollectionView.swift */; };
		2D06070C1E0A97DE00AA0C41 /* UINib.swift in Sources */ = {isa = PBXBuildFile; fileRef = 2D0606C11E0A97DE00AA0C41 /* UINib.swift */; };
		2D06070D1E0A97DE00AA0C41 /* UITableView.swift in Sources */ = {isa = PBXBuildFile; fileRef = 2D0606C21E0A97DE00AA0C41 /* UITableView.swift */; };
		2D06070E1E0A97DE00AA0C41 /* UIViewController.swift in Sources */ = {isa = PBXBuildFile; fileRef = 2D0606C31E0A97DE00AA0C41 /* UIViewController.swift */; };
		2D06070F1E0A97DE00AA0C41 /* UIWindow.swift in Sources */ = {isa = PBXBuildFile; fileRef = 2D0606C41E0A97DE00AA0C41 /* UIWindow.swift */; };
		2D0607101E0A97DE00AA0C41 /* ArrayModel.swift in Sources */ = {isa = PBXBuildFile; fileRef = 2D0606C61E0A97DE00AA0C41 /* ArrayModel.swift */; };
		2D0607111E0A97DE00AA0C41 /* Model.swift in Sources */ = {isa = PBXBuildFile; fileRef = 2D0606C71E0A97DE00AA0C41 /* Model.swift */; };
		2D0607121E0A97DE00AA0C41 /* SlideInPresentationAnimator.swift in Sources */ = {isa = PBXBuildFile; fileRef = 2D0606CA1E0A97DE00AA0C41 /* SlideInPresentationAnimator.swift */; };
		2D0607131E0A97DE00AA0C41 /* SlideInPresentationController.swift in Sources */ = {isa = PBXBuildFile; fileRef = 2D0606CB1E0A97DE00AA0C41 /* SlideInPresentationController.swift */; };
		2D0607141E0A97DE00AA0C41 /* SlideInPresentationManager.swift in Sources */ = {isa = PBXBuildFile; fileRef = 2D0606CC1E0A97DE00AA0C41 /* SlideInPresentationManager.swift */; };
		2D0607151E0A97DE00AA0C41 /* SlideOutAnimationController.swift in Sources */ = {isa = PBXBuildFile; fileRef = 2D0606CD1E0A97DE00AA0C41 /* SlideOutAnimationController.swift */; };
		2D0607161E0A97DE00AA0C41 /* TableViewController.swift in Sources */ = {isa = PBXBuildFile; fileRef = 2D0606CE1E0A97DE00AA0C41 /* TableViewController.swift */; };
		2D0607171E0A97DE00AA0C41 /* TrancitionViewController.swift in Sources */ = {isa = PBXBuildFile; fileRef = 2D0606CF1E0A97DE00AA0C41 /* TrancitionViewController.swift */; };
		2D0607181E0A97DE00AA0C41 /* ViewController.swift in Sources */ = {isa = PBXBuildFile; fileRef = 2D0606D01E0A97DE00AA0C41 /* ViewController.swift */; };
		2D0607191E0A97DE00AA0C41 /* RoundedView.swift in Sources */ = {isa = PBXBuildFile; fileRef = 2D0606D21E0A97DE00AA0C41 /* RoundedView.swift */; };
		2D06071A1E0A97DE00AA0C41 /* TableViewCell.swift in Sources */ = {isa = PBXBuildFile; fileRef = 2D0606D31E0A97DE00AA0C41 /* TableViewCell.swift */; };
		2D06071B1E0A97DE00AA0C41 /* CalculatedRecipe.swift in Sources */ = {isa = PBXBuildFile; fileRef = 2D0606D71E0A97DE00AA0C41 /* CalculatedRecipe.swift */; };
		2D0607221E0A97DE00AA0C41 /* Recipe.swift in Sources */ = {isa = PBXBuildFile; fileRef = 2D0606E01E0A97DE00AA0C41 /* Recipe.swift */; };
		2D0607231E0A97DE00AA0C41 /* RecipeComponent.swift in Sources */ = {isa = PBXBuildFile; fileRef = 2D0606E11E0A97DE00AA0C41 /* RecipeComponent.swift */; };
		2D0607251E0A97DE00AA0C41 /* EditTableViewCell.swift in Sources */ = {isa = PBXBuildFile; fileRef = 2D0606E71E0A97DE00AA0C41 /* EditTableViewCell.swift */; };
		2D0607261E0A97DE00AA0C41 /* RecipeComponentEditCell.swift in Sources */ = {isa = PBXBuildFile; fileRef = 2D0606E91E0A97DE00AA0C41 /* RecipeComponentEditCell.swift */; };
		2D0607271E0A97DE00AA0C41 /* RecipeComponentEditCell.xib in Resources */ = {isa = PBXBuildFile; fileRef = 2D0606EA1E0A97DE00AA0C41 /* RecipeComponentEditCell.xib */; };
		2D0607281E0A97DE00AA0C41 /* RecipeEditHeaderCell.swift in Sources */ = {isa = PBXBuildFile; fileRef = 2D0606EC1E0A97DE00AA0C41 /* RecipeEditHeaderCell.swift */; };
		2D0607291E0A97DE00AA0C41 /* RecipeEditHeaderCell.xib in Resources */ = {isa = PBXBuildFile; fileRef = 2D0606ED1E0A97DE00AA0C41 /* RecipeEditHeaderCell.xib */; };
		2D06072A1E0A97DE00AA0C41 /* EditRecipeViewController.swift in Sources */ = {isa = PBXBuildFile; fileRef = 2D0606EE1E0A97DE00AA0C41 /* EditRecipeViewController.swift */; };
		2D06072B1E0A97DE00AA0C41 /* CalculateValueCell.swift in Sources */ = {isa = PBXBuildFile; fileRef = 2D0606F11E0A97DE00AA0C41 /* CalculateValueCell.swift */; };
		2D06072C1E0A97DE00AA0C41 /* CalculateValueCell.xib in Resources */ = {isa = PBXBuildFile; fileRef = 2D0606F21E0A97DE00AA0C41 /* CalculateValueCell.xib */; };
		2D06072D1E0A97DE00AA0C41 /* LoadingCalculatorViewController.swift in Sources */ = {isa = PBXBuildFile; fileRef = 2D0606F31E0A97DE00AA0C41 /* LoadingCalculatorViewController.swift */; };
		2D06072E1E0A97DE00AA0C41 /* LoginView.swift in Sources */ = {isa = PBXBuildFile; fileRef = 2D0606F51E0A97DE00AA0C41 /* LoginView.swift */; };
		2D06072F1E0A97DE00AA0C41 /* LoginViewController.swift in Sources */ = {isa = PBXBuildFile; fileRef = 2D0606F61E0A97DE00AA0C41 /* LoginViewController.swift */; };
		2D0607301E0A97DE00AA0C41 /* RecipeComponentCell.swift in Sources */ = {isa = PBXBuildFile; fileRef = 2D0606FA1E0A97DE00AA0C41 /* RecipeComponentCell.swift */; };
		2D0607311E0A97DE00AA0C41 /* RecipeComponentCell.xib in Resources */ = {isa = PBXBuildFile; fileRef = 2D0606FB1E0A97DE00AA0C41 /* RecipeComponentCell.xib */; };
		2D0607321E0A97DE00AA0C41 /* RecipeDetailCell.swift in Sources */ = {isa = PBXBuildFile; fileRef = 2D0606FC1E0A97DE00AA0C41 /* RecipeDetailCell.swift */; };
		2D0607331E0A97DE00AA0C41 /* RecipeDetailHeaderCell.swift in Sources */ = {isa = PBXBuildFile; fileRef = 2D0606FE1E0A97DE00AA0C41 /* RecipeDetailHeaderCell.swift */; };
		2D0607341E0A97DE00AA0C41 /* RecipeDetailHeaderCell.xib in Resources */ = {isa = PBXBuildFile; fileRef = 2D0606FF1E0A97DE00AA0C41 /* RecipeDetailHeaderCell.xib */; };
		2D0607351E0A97DE00AA0C41 /* RecipeDetailView.swift in Sources */ = {isa = PBXBuildFile; fileRef = 2D0607001E0A97DE00AA0C41 /* RecipeDetailView.swift */; };
		2D0607361E0A97DE00AA0C41 /* RecipeDetailViewController.swift in Sources */ = {isa = PBXBuildFile; fileRef = 2D0607011E0A97DE00AA0C41 /* RecipeDetailViewController.swift */; };
		2D0607371E0A97DE00AA0C41 /* RecipeCollectionViewCell.swift in Sources */ = {isa = PBXBuildFile; fileRef = 2D0607041E0A97DE00AA0C41 /* RecipeCollectionViewCell.swift */; };
		2D0607381E0A97DE00AA0C41 /* RecipeCollectionViewCell.xib in Resources */ = {isa = PBXBuildFile; fileRef = 2D0607051E0A97DE00AA0C41 /* RecipeCollectionViewCell.xib */; };
		2D0607391E0A97DE00AA0C41 /* RecipesView.swift in Sources */ = {isa = PBXBuildFile; fileRef = 2D0607061E0A97DE00AA0C41 /* RecipesView.swift */; };
		2D06073A1E0A97DE00AA0C41 /* RecipesViewController.swift in Sources */ = {isa = PBXBuildFile; fileRef = 2D0607071E0A97DE00AA0C41 /* RecipesViewController.swift */; };
		2D06073B1E0A97DE00AA0C41 /* SettingsViewController.swift in Sources */ = {isa = PBXBuildFile; fileRef = 2D0607091E0A97DE00AA0C41 /* SettingsViewController.swift */; };
		2D06074F1E0AA1DA00AA0C41 /* GoogleService-Info.plist in Resources */ = {isa = PBXBuildFile; fileRef = 2D06074D1E0AA1DA00AA0C41 /* GoogleService-Info.plist */; };
		2D0607521E0AA23300AA0C41 /* AppDelegate.swift in Sources */ = {isa = PBXBuildFile; fileRef = 2D0607511E0AA23300AA0C41 /* AppDelegate.swift */; };
		2D06075E1E0AA3FD00AA0C41 /* LaunchScreen.storyboard in Resources */ = {isa = PBXBuildFile; fileRef = 2D06075A1E0AA3FD00AA0C41 /* LaunchScreen.storyboard */; };
		2D06075F1E0AA3FD00AA0C41 /* Main.storyboard in Resources */ = {isa = PBXBuildFile; fileRef = 2D06075C1E0AA3FD00AA0C41 /* Main.storyboard */; };
		2D64F3491E0C3ED500F6C968 /* DBArrayModel.swift in Sources */ = {isa = PBXBuildFile; fileRef = 2D64F3481E0C3ED500F6C968 /* DBArrayModel.swift */; };
		2D64F34D1E0C4BA500F6C968 /* NSManagedObject+BPVExtensions.m in Sources */ = {isa = PBXBuildFile; fileRef = 2D64F34C1E0C4BA500F6C968 /* NSManagedObject+BPVExtensions.m */; };
		2DFA62971E10DE9D00304A70 /* CDComponent+CoreDataClass.swift in Sources */ = {isa = PBXBuildFile; fileRef = 2DFA628A1E10DE9D00304A70 /* CDComponent+CoreDataClass.swift */; };
		2DFA62981E10DE9D00304A70 /* CDComponent+CoreDataProperties.swift in Sources */ = {isa = PBXBuildFile; fileRef = 2DFA628B1E10DE9D00304A70 /* CDComponent+CoreDataProperties.swift */; };
		2DFA62991E10DE9D00304A70 /* CDRecipe+CoreDataClass.swift in Sources */ = {isa = PBXBuildFile; fileRef = 2DFA628D1E10DE9D00304A70 /* CDRecipe+CoreDataClass.swift */; };
		2DFA629A1E10DE9D00304A70 /* CDRecipe+CoreDataProperties.swift in Sources */ = {isa = PBXBuildFile; fileRef = 2DFA628E1E10DE9D00304A70 /* CDRecipe+CoreDataProperties.swift */; };
		2DFA629B1E10DE9D00304A70 /* CDUser+CoreDataClass.swift in Sources */ = {isa = PBXBuildFile; fileRef = 2DFA62901E10DE9D00304A70 /* CDUser+CoreDataClass.swift */; };
		2DFA629C1E10DE9D00304A70 /* CDUser+CoreDataProperties.swift in Sources */ = {isa = PBXBuildFile; fileRef = 2DFA62911E10DE9D00304A70 /* CDUser+CoreDataProperties.swift */; };
		2DFA629D1E10DE9D00304A70 /* DataBase.xcdatamodeld in Sources */ = {isa = PBXBuildFile; fileRef = 2DFA62931E10DE9D00304A70 /* DataBase.xcdatamodeld */; };
		2DFA629E1E10DE9D00304A70 /* DBComponents.swift in Sources */ = {isa = PBXBuildFile; fileRef = 2DFA62951E10DE9D00304A70 /* DBComponents.swift */; };
		2DFA629F1E10DE9D00304A70 /* DBRecipes.swift in Sources */ = {isa = PBXBuildFile; fileRef = 2DFA62961E10DE9D00304A70 /* DBRecipes.swift */; };
		2DFA62BF1E128E4900304A70 /* Components.swift in Sources */ = {isa = PBXBuildFile; fileRef = 2DFA62BD1E128E4900304A70 /* Components.swift */; };
		2DFA62C01E128E4900304A70 /* Recipes.swift in Sources */ = {isa = PBXBuildFile; fileRef = 2DFA62BE1E128E4900304A70 /* Recipes.swift */; };
		638B0E0FEC276B2F35B21A53 /* Pods_RecipesList.framework in Frameworks */ = {isa = PBXBuildFile; fileRef = 972610C38E5E7F64DBA48A4B /* Pods_RecipesList.framework */; };
/* End PBXBuildFile section */

/* Begin PBXContainerItemProxy section */
		2D06069F1E0A979B00AA0C41 /* PBXContainerItemProxy */ = {
			isa = PBXContainerItemProxy;
			containerPortal = 2D0606821E0A979B00AA0C41 /* Project object */;
			proxyType = 1;
			remoteGlobalIDString = 2D0606891E0A979B00AA0C41;
			remoteInfo = RecipesList;
		};
		2D0606AA1E0A979B00AA0C41 /* PBXContainerItemProxy */ = {
			isa = PBXContainerItemProxy;
			containerPortal = 2D0606821E0A979B00AA0C41 /* Project object */;
			proxyType = 1;
			remoteGlobalIDString = 2D0606891E0A979B00AA0C41;
			remoteInfo = RecipesList;
		};
/* End PBXContainerItemProxy section */

/* Begin PBXFileReference section */
		2D06068A1E0A979B00AA0C41 /* RecipesList.app */ = {isa = PBXFileReference; explicitFileType = wrapper.application; includeInIndex = 0; path = RecipesList.app; sourceTree = BUILT_PRODUCTS_DIR; };
		2D0606941E0A979B00AA0C41 /* Assets.xcassets */ = {isa = PBXFileReference; lastKnownFileType = folder.assetcatalog; path = Assets.xcassets; sourceTree = "<group>"; };
		2D06069E1E0A979B00AA0C41 /* RecipesListTests.xctest */ = {isa = PBXFileReference; explicitFileType = wrapper.cfbundle; includeInIndex = 0; path = RecipesListTests.xctest; sourceTree = BUILT_PRODUCTS_DIR; };
		2D0606A21E0A979B00AA0C41 /* RecipesListTests.swift */ = {isa = PBXFileReference; lastKnownFileType = sourcecode.swift; path = RecipesListTests.swift; sourceTree = "<group>"; };
		2D0606A41E0A979B00AA0C41 /* Info.plist */ = {isa = PBXFileReference; lastKnownFileType = text.plist.xml; path = Info.plist; sourceTree = "<group>"; };
		2D0606A91E0A979B00AA0C41 /* RecipesListUITests.xctest */ = {isa = PBXFileReference; explicitFileType = wrapper.cfbundle; includeInIndex = 0; path = RecipesListUITests.xctest; sourceTree = BUILT_PRODUCTS_DIR; };
		2D0606AD1E0A979B00AA0C41 /* RecipesListUITests.swift */ = {isa = PBXFileReference; lastKnownFileType = sourcecode.swift; path = RecipesListUITests.swift; sourceTree = "<group>"; };
		2D0606AF1E0A979B00AA0C41 /* Info.plist */ = {isa = PBXFileReference; lastKnownFileType = text.plist.xml; path = Info.plist; sourceTree = "<group>"; };
		2D0606BE1E0A97DE00AA0C41 /* Array.swift */ = {isa = PBXFileReference; fileEncoding = 4; lastKnownFileType = sourcecode.swift; path = Array.swift; sourceTree = "<group>"; };
		2D0606C01E0A97DE00AA0C41 /* UICollectionView.swift */ = {isa = PBXFileReference; fileEncoding = 4; lastKnownFileType = sourcecode.swift; path = UICollectionView.swift; sourceTree = "<group>"; };
		2D0606C11E0A97DE00AA0C41 /* UINib.swift */ = {isa = PBXFileReference; fileEncoding = 4; lastKnownFileType = sourcecode.swift; path = UINib.swift; sourceTree = "<group>"; };
		2D0606C21E0A97DE00AA0C41 /* UITableView.swift */ = {isa = PBXFileReference; fileEncoding = 4; lastKnownFileType = sourcecode.swift; path = UITableView.swift; sourceTree = "<group>"; };
		2D0606C31E0A97DE00AA0C41 /* UIViewController.swift */ = {isa = PBXFileReference; fileEncoding = 4; lastKnownFileType = sourcecode.swift; path = UIViewController.swift; sourceTree = "<group>"; };
		2D0606C41E0A97DE00AA0C41 /* UIWindow.swift */ = {isa = PBXFileReference; fileEncoding = 4; lastKnownFileType = sourcecode.swift; path = UIWindow.swift; sourceTree = "<group>"; };
		2D0606C61E0A97DE00AA0C41 /* ArrayModel.swift */ = {isa = PBXFileReference; fileEncoding = 4; lastKnownFileType = sourcecode.swift; path = ArrayModel.swift; sourceTree = "<group>"; };
		2D0606C71E0A97DE00AA0C41 /* Model.swift */ = {isa = PBXFileReference; fileEncoding = 4; lastKnownFileType = sourcecode.swift; path = Model.swift; sourceTree = "<group>"; };
		2D0606CA1E0A97DE00AA0C41 /* SlideInPresentationAnimator.swift */ = {isa = PBXFileReference; fileEncoding = 4; lastKnownFileType = sourcecode.swift; path = SlideInPresentationAnimator.swift; sourceTree = "<group>"; };
		2D0606CB1E0A97DE00AA0C41 /* SlideInPresentationController.swift */ = {isa = PBXFileReference; fileEncoding = 4; lastKnownFileType = sourcecode.swift; path = SlideInPresentationController.swift; sourceTree = "<group>"; };
		2D0606CC1E0A97DE00AA0C41 /* SlideInPresentationManager.swift */ = {isa = PBXFileReference; fileEncoding = 4; lastKnownFileType = sourcecode.swift; path = SlideInPresentationManager.swift; sourceTree = "<group>"; };
		2D0606CD1E0A97DE00AA0C41 /* SlideOutAnimationController.swift */ = {isa = PBXFileReference; fileEncoding = 4; lastKnownFileType = sourcecode.swift; path = SlideOutAnimationController.swift; sourceTree = "<group>"; };
		2D0606CE1E0A97DE00AA0C41 /* TableViewController.swift */ = {isa = PBXFileReference; fileEncoding = 4; lastKnownFileType = sourcecode.swift; path = TableViewController.swift; sourceTree = "<group>"; };
		2D0606CF1E0A97DE00AA0C41 /* TrancitionViewController.swift */ = {isa = PBXFileReference; fileEncoding = 4; lastKnownFileType = sourcecode.swift; path = TrancitionViewController.swift; sourceTree = "<group>"; };
		2D0606D01E0A97DE00AA0C41 /* ViewController.swift */ = {isa = PBXFileReference; fileEncoding = 4; lastKnownFileType = sourcecode.swift; path = ViewController.swift; sourceTree = "<group>"; };
		2D0606D21E0A97DE00AA0C41 /* RoundedView.swift */ = {isa = PBXFileReference; fileEncoding = 4; lastKnownFileType = sourcecode.swift; path = RoundedView.swift; sourceTree = "<group>"; };
		2D0606D31E0A97DE00AA0C41 /* TableViewCell.swift */ = {isa = PBXFileReference; fileEncoding = 4; lastKnownFileType = sourcecode.swift; path = TableViewCell.swift; sourceTree = "<group>"; };
		2D0606D71E0A97DE00AA0C41 /* CalculatedRecipe.swift */ = {isa = PBXFileReference; fileEncoding = 4; lastKnownFileType = sourcecode.swift; path = CalculatedRecipe.swift; sourceTree = "<group>"; };
		2D0606E01E0A97DE00AA0C41 /* Recipe.swift */ = {isa = PBXFileReference; fileEncoding = 4; lastKnownFileType = sourcecode.swift; path = Recipe.swift; sourceTree = "<group>"; };
		2D0606E11E0A97DE00AA0C41 /* RecipeComponent.swift */ = {isa = PBXFileReference; fileEncoding = 4; lastKnownFileType = sourcecode.swift; path = RecipeComponent.swift; sourceTree = "<group>"; };
		2D0606E31E0A97DE00AA0C41 /* RecipesList-Bridging-Header.h */ = {isa = PBXFileReference; fileEncoding = 4; lastKnownFileType = sourcecode.c.h; path = "RecipesList-Bridging-Header.h"; sourceTree = "<group>"; };
		2D0606E71E0A97DE00AA0C41 /* EditTableViewCell.swift */ = {isa = PBXFileReference; fileEncoding = 4; lastKnownFileType = sourcecode.swift; path = EditTableViewCell.swift; sourceTree = "<group>"; };
		2D0606E91E0A97DE00AA0C41 /* RecipeComponentEditCell.swift */ = {isa = PBXFileReference; fileEncoding = 4; lastKnownFileType = sourcecode.swift; path = RecipeComponentEditCell.swift; sourceTree = "<group>"; };
		2D0606EA1E0A97DE00AA0C41 /* RecipeComponentEditCell.xib */ = {isa = PBXFileReference; fileEncoding = 4; lastKnownFileType = file.xib; path = RecipeComponentEditCell.xib; sourceTree = "<group>"; };
		2D0606EC1E0A97DE00AA0C41 /* RecipeEditHeaderCell.swift */ = {isa = PBXFileReference; fileEncoding = 4; lastKnownFileType = sourcecode.swift; path = RecipeEditHeaderCell.swift; sourceTree = "<group>"; };
		2D0606ED1E0A97DE00AA0C41 /* RecipeEditHeaderCell.xib */ = {isa = PBXFileReference; fileEncoding = 4; lastKnownFileType = file.xib; path = RecipeEditHeaderCell.xib; sourceTree = "<group>"; };
		2D0606EE1E0A97DE00AA0C41 /* EditRecipeViewController.swift */ = {isa = PBXFileReference; fileEncoding = 4; lastKnownFileType = sourcecode.swift; path = EditRecipeViewController.swift; sourceTree = "<group>"; };
		2D0606F11E0A97DE00AA0C41 /* CalculateValueCell.swift */ = {isa = PBXFileReference; fileEncoding = 4; lastKnownFileType = sourcecode.swift; path = CalculateValueCell.swift; sourceTree = "<group>"; };
		2D0606F21E0A97DE00AA0C41 /* CalculateValueCell.xib */ = {isa = PBXFileReference; fileEncoding = 4; lastKnownFileType = file.xib; path = CalculateValueCell.xib; sourceTree = "<group>"; };
		2D0606F31E0A97DE00AA0C41 /* LoadingCalculatorViewController.swift */ = {isa = PBXFileReference; fileEncoding = 4; lastKnownFileType = sourcecode.swift; path = LoadingCalculatorViewController.swift; sourceTree = "<group>"; };
		2D0606F51E0A97DE00AA0C41 /* LoginView.swift */ = {isa = PBXFileReference; fileEncoding = 4; lastKnownFileType = sourcecode.swift; path = LoginView.swift; sourceTree = "<group>"; };
		2D0606F61E0A97DE00AA0C41 /* LoginViewController.swift */ = {isa = PBXFileReference; fileEncoding = 4; lastKnownFileType = sourcecode.swift; path = LoginViewController.swift; sourceTree = "<group>"; };
		2D0606FA1E0A97DE00AA0C41 /* RecipeComponentCell.swift */ = {isa = PBXFileReference; fileEncoding = 4; lastKnownFileType = sourcecode.swift; path = RecipeComponentCell.swift; sourceTree = "<group>"; };
		2D0606FB1E0A97DE00AA0C41 /* RecipeComponentCell.xib */ = {isa = PBXFileReference; fileEncoding = 4; lastKnownFileType = file.xib; path = RecipeComponentCell.xib; sourceTree = "<group>"; };
		2D0606FC1E0A97DE00AA0C41 /* RecipeDetailCell.swift */ = {isa = PBXFileReference; fileEncoding = 4; lastKnownFileType = sourcecode.swift; path = RecipeDetailCell.swift; sourceTree = "<group>"; };
		2D0606FE1E0A97DE00AA0C41 /* RecipeDetailHeaderCell.swift */ = {isa = PBXFileReference; fileEncoding = 4; lastKnownFileType = sourcecode.swift; path = RecipeDetailHeaderCell.swift; sourceTree = "<group>"; };
		2D0606FF1E0A97DE00AA0C41 /* RecipeDetailHeaderCell.xib */ = {isa = PBXFileReference; fileEncoding = 4; lastKnownFileType = file.xib; path = RecipeDetailHeaderCell.xib; sourceTree = "<group>"; };
		2D0607001E0A97DE00AA0C41 /* RecipeDetailView.swift */ = {isa = PBXFileReference; fileEncoding = 4; lastKnownFileType = sourcecode.swift; path = RecipeDetailView.swift; sourceTree = "<group>"; };
		2D0607011E0A97DE00AA0C41 /* RecipeDetailViewController.swift */ = {isa = PBXFileReference; fileEncoding = 4; lastKnownFileType = sourcecode.swift; path = RecipeDetailViewController.swift; sourceTree = "<group>"; };
		2D0607041E0A97DE00AA0C41 /* RecipeCollectionViewCell.swift */ = {isa = PBXFileReference; fileEncoding = 4; lastKnownFileType = sourcecode.swift; path = RecipeCollectionViewCell.swift; sourceTree = "<group>"; };
		2D0607051E0A97DE00AA0C41 /* RecipeCollectionViewCell.xib */ = {isa = PBXFileReference; fileEncoding = 4; lastKnownFileType = file.xib; path = RecipeCollectionViewCell.xib; sourceTree = "<group>"; };
		2D0607061E0A97DE00AA0C41 /* RecipesView.swift */ = {isa = PBXFileReference; fileEncoding = 4; lastKnownFileType = sourcecode.swift; path = RecipesView.swift; sourceTree = "<group>"; };
		2D0607071E0A97DE00AA0C41 /* RecipesViewController.swift */ = {isa = PBXFileReference; fileEncoding = 4; lastKnownFileType = sourcecode.swift; path = RecipesViewController.swift; sourceTree = "<group>"; };
		2D0607091E0A97DE00AA0C41 /* SettingsViewController.swift */ = {isa = PBXFileReference; fileEncoding = 4; lastKnownFileType = sourcecode.swift; path = SettingsViewController.swift; sourceTree = "<group>"; };
		2D0607441E0AA0FC00AA0C41 /* RecipesList-Bridging-Header.h */ = {isa = PBXFileReference; lastKnownFileType = sourcecode.c.h; path = "RecipesList-Bridging-Header.h"; sourceTree = "<group>"; };
		2D06074D1E0AA1DA00AA0C41 /* GoogleService-Info.plist */ = {isa = PBXFileReference; fileEncoding = 4; lastKnownFileType = text.plist.xml; path = "GoogleService-Info.plist"; sourceTree = "<group>"; };
		2D06074E1E0AA1DA00AA0C41 /* Info.plist */ = {isa = PBXFileReference; fileEncoding = 4; lastKnownFileType = text.plist.xml; path = Info.plist; sourceTree = "<group>"; };
		2D0607511E0AA23300AA0C41 /* AppDelegate.swift */ = {isa = PBXFileReference; fileEncoding = 4; lastKnownFileType = sourcecode.swift; path = AppDelegate.swift; sourceTree = "<group>"; };
		2D06075B1E0AA3FD00AA0C41 /* Base */ = {isa = PBXFileReference; lastKnownFileType = file.storyboard; name = Base; path = RecipesList/Base.lproj/LaunchScreen.storyboard; sourceTree = SOURCE_ROOT; };
		2D06075D1E0AA3FD00AA0C41 /* Base */ = {isa = PBXFileReference; lastKnownFileType = file.storyboard; name = Base; path = RecipesList/Base.lproj/Main.storyboard; sourceTree = SOURCE_ROOT; };
		2D64F3481E0C3ED500F6C968 /* DBArrayModel.swift */ = {isa = PBXFileReference; fileEncoding = 4; lastKnownFileType = sourcecode.swift; path = DBArrayModel.swift; sourceTree = "<group>"; };
		2D64F34B1E0C4BA500F6C968 /* NSManagedObject+BPVExtensions.h */ = {isa = PBXFileReference; fileEncoding = 4; lastKnownFileType = sourcecode.c.h; path = "NSManagedObject+BPVExtensions.h"; sourceTree = "<group>"; };
		2D64F34C1E0C4BA500F6C968 /* NSManagedObject+BPVExtensions.m */ = {isa = PBXFileReference; fileEncoding = 4; lastKnownFileType = sourcecode.c.objc; path = "NSManagedObject+BPVExtensions.m"; sourceTree = "<group>"; };
		2DFA628A1E10DE9D00304A70 /* CDComponent+CoreDataClass.swift */ = {isa = PBXFileReference; fileEncoding = 4; lastKnownFileType = sourcecode.swift; path = "CDComponent+CoreDataClass.swift"; sourceTree = "<group>"; };
		2DFA628B1E10DE9D00304A70 /* CDComponent+CoreDataProperties.swift */ = {isa = PBXFileReference; fileEncoding = 4; lastKnownFileType = sourcecode.swift; path = "CDComponent+CoreDataProperties.swift"; sourceTree = "<group>"; };
		2DFA628D1E10DE9D00304A70 /* CDRecipe+CoreDataClass.swift */ = {isa = PBXFileReference; fileEncoding = 4; lastKnownFileType = sourcecode.swift; path = "CDRecipe+CoreDataClass.swift"; sourceTree = "<group>"; };
		2DFA628E1E10DE9D00304A70 /* CDRecipe+CoreDataProperties.swift */ = {isa = PBXFileReference; fileEncoding = 4; lastKnownFileType = sourcecode.swift; path = "CDRecipe+CoreDataProperties.swift"; sourceTree = "<group>"; };
		2DFA62901E10DE9D00304A70 /* CDUser+CoreDataClass.swift */ = {isa = PBXFileReference; fileEncoding = 4; lastKnownFileType = sourcecode.swift; path = "CDUser+CoreDataClass.swift"; sourceTree = "<group>"; };
		2DFA62911E10DE9D00304A70 /* CDUser+CoreDataProperties.swift */ = {isa = PBXFileReference; fileEncoding = 4; lastKnownFileType = sourcecode.swift; path = "CDUser+CoreDataProperties.swift"; sourceTree = "<group>"; };
		2DFA62941E10DE9D00304A70 /* DataBase.xcdatamodel */ = {isa = PBXFileReference; lastKnownFileType = wrapper.xcdatamodel; path = DataBase.xcdatamodel; sourceTree = "<group>"; };
		2DFA62951E10DE9D00304A70 /* DBComponents.swift */ = {isa = PBXFileReference; fileEncoding = 4; lastKnownFileType = sourcecode.swift; path = DBComponents.swift; sourceTree = "<group>"; };
		2DFA62961E10DE9D00304A70 /* DBRecipes.swift */ = {isa = PBXFileReference; fileEncoding = 4; lastKnownFileType = sourcecode.swift; path = DBRecipes.swift; sourceTree = "<group>"; };
		2DFA62BD1E128E4900304A70 /* Components.swift */ = {isa = PBXFileReference; fileEncoding = 4; lastKnownFileType = sourcecode.swift; path = Components.swift; sourceTree = "<group>"; };
		2DFA62BE1E128E4900304A70 /* Recipes.swift */ = {isa = PBXFileReference; fileEncoding = 4; lastKnownFileType = sourcecode.swift; path = Recipes.swift; sourceTree = "<group>"; };
		414134012F3211C5422B5187 /* Pods-RecipesList.debug.xcconfig */ = {isa = PBXFileReference; includeInIndex = 1; lastKnownFileType = text.xcconfig; name = "Pods-RecipesList.debug.xcconfig"; path = "Pods/Target Support Files/Pods-RecipesList/Pods-RecipesList.debug.xcconfig"; sourceTree = "<group>"; };
		532BC55D700BC5CDA93A15FC /* Pods-RecipesList.release.xcconfig */ = {isa = PBXFileReference; includeInIndex = 1; lastKnownFileType = text.xcconfig; name = "Pods-RecipesList.release.xcconfig"; path = "Pods/Target Support Files/Pods-RecipesList/Pods-RecipesList.release.xcconfig"; sourceTree = "<group>"; };
		972610C38E5E7F64DBA48A4B /* Pods_RecipesList.framework */ = {isa = PBXFileReference; explicitFileType = wrapper.framework; includeInIndex = 0; path = Pods_RecipesList.framework; sourceTree = BUILT_PRODUCTS_DIR; };
/* End PBXFileReference section */

/* Begin PBXFrameworksBuildPhase section */
		2D0606871E0A979B00AA0C41 /* Frameworks */ = {
			isa = PBXFrameworksBuildPhase;
			buildActionMask = 2147483647;
			files = (
				638B0E0FEC276B2F35B21A53 /* Pods_RecipesList.framework in Frameworks */,
			);
			runOnlyForDeploymentPostprocessing = 0;
		};
		2D06069B1E0A979B00AA0C41 /* Frameworks */ = {
			isa = PBXFrameworksBuildPhase;
			buildActionMask = 2147483647;
			files = (
			);
			runOnlyForDeploymentPostprocessing = 0;
		};
		2D0606A61E0A979B00AA0C41 /* Frameworks */ = {
			isa = PBXFrameworksBuildPhase;
			buildActionMask = 2147483647;
			files = (
			);
			runOnlyForDeploymentPostprocessing = 0;
		};
/* End PBXFrameworksBuildPhase section */

/* Begin PBXGroup section */
		2D0606811E0A979B00AA0C41 = {
			isa = PBXGroup;
			children = (
				2D06068C1E0A979B00AA0C41 /* RecipesList */,
				2D0606A11E0A979B00AA0C41 /* RecipesListTests */,
				2D0606AC1E0A979B00AA0C41 /* RecipesListUITests */,
				2D06068B1E0A979B00AA0C41 /* Products */,
				8AB285446DCEC688D87678F7 /* Pods */,
				5AE636AAA67DC473EF438C51 /* Frameworks */,
			);
			sourceTree = "<group>";
		};
		2D06068B1E0A979B00AA0C41 /* Products */ = {
			isa = PBXGroup;
			children = (
				2D06068A1E0A979B00AA0C41 /* RecipesList.app */,
				2D06069E1E0A979B00AA0C41 /* RecipesListTests.xctest */,
				2D0606A91E0A979B00AA0C41 /* RecipesListUITests.xctest */,
			);
			name = Products;
			sourceTree = "<group>";
		};
		2D06068C1E0A979B00AA0C41 /* RecipesList */ = {
			isa = PBXGroup;
			children = (
				2D0606BB1E0A97DE00AA0C41 /* Library */,
				2D0606D41E0A97DE00AA0C41 /* Resurses */,
				2D0606D51E0A97DE00AA0C41 /* Sources */,
				2D06074C1E0AA1DA00AA0C41 /* Other */,
				2D0607511E0AA23300AA0C41 /* AppDelegate.swift */,
				2D0606941E0A979B00AA0C41 /* Assets.xcassets */,
				2D0607441E0AA0FC00AA0C41 /* RecipesList-Bridging-Header.h */,
				2D0607531E0AA25B00AA0C41 /* Base.lproj */,
			);
			path = RecipesList;
			sourceTree = "<group>";
		};
		2D0606A11E0A979B00AA0C41 /* RecipesListTests */ = {
			isa = PBXGroup;
			children = (
				2D0606A21E0A979B00AA0C41 /* RecipesListTests.swift */,
				2D0606A41E0A979B00AA0C41 /* Info.plist */,
			);
			path = RecipesListTests;
			sourceTree = "<group>";
		};
		2D0606AC1E0A979B00AA0C41 /* RecipesListUITests */ = {
			isa = PBXGroup;
			children = (
				2D0606AD1E0A979B00AA0C41 /* RecipesListUITests.swift */,
				2D0606AF1E0A979B00AA0C41 /* Info.plist */,
			);
			path = RecipesListUITests;
			sourceTree = "<group>";
		};
		2D0606BB1E0A97DE00AA0C41 /* Library */ = {
			isa = PBXGroup;
			children = (
				2D0606BC1E0A97DE00AA0C41 /* BPVObservableObject */,
				2D0606BD1E0A97DE00AA0C41 /* Extensions */,
				2D0606C51E0A97DE00AA0C41 /* Models */,
				2D0606C81E0A97DE00AA0C41 /* ViewControllers */,
				2D0606D11E0A97DE00AA0C41 /* Views */,
			);
			path = Library;
			sourceTree = "<group>";
		};
		2D0606BC1E0A97DE00AA0C41 /* BPVObservableObject */ = {
			isa = PBXGroup;
			children = (
			);
			path = BPVObservableObject;
			sourceTree = "<group>";
		};
		2D0606BD1E0A97DE00AA0C41 /* Extensions */ = {
			isa = PBXGroup;
			children = (
				2D64F34A1E0C4BA500F6C968 /* NSManagedObject */,
				2D0606BE1E0A97DE00AA0C41 /* Array.swift */,
				2D0606C01E0A97DE00AA0C41 /* UICollectionView.swift */,
				2D0606C11E0A97DE00AA0C41 /* UINib.swift */,
				2D0606C21E0A97DE00AA0C41 /* UITableView.swift */,
				2D0606C31E0A97DE00AA0C41 /* UIViewController.swift */,
				2D0606C41E0A97DE00AA0C41 /* UIWindow.swift */,
			);
			path = Extensions;
			sourceTree = "<group>";
		};
		2D0606C51E0A97DE00AA0C41 /* Models */ = {
			isa = PBXGroup;
			children = (
				2D0606C71E0A97DE00AA0C41 /* Model.swift */,
				2D0606C61E0A97DE00AA0C41 /* ArrayModel.swift */,
				2D64F3481E0C3ED500F6C968 /* DBArrayModel.swift */,
			);
			path = Models;
			sourceTree = "<group>";
		};
		2D0606C81E0A97DE00AA0C41 /* ViewControllers */ = {
			isa = PBXGroup;
			children = (
				2D0606C91E0A97DE00AA0C41 /* SlideInPresentationController */,
				2D0606CE1E0A97DE00AA0C41 /* TableViewController.swift */,
				2D0606CF1E0A97DE00AA0C41 /* TrancitionViewController.swift */,
				2D0606D01E0A97DE00AA0C41 /* ViewController.swift */,
			);
			path = ViewControllers;
			sourceTree = "<group>";
		};
		2D0606C91E0A97DE00AA0C41 /* SlideInPresentationController */ = {
			isa = PBXGroup;
			children = (
				2D0606CA1E0A97DE00AA0C41 /* SlideInPresentationAnimator.swift */,
				2D0606CB1E0A97DE00AA0C41 /* SlideInPresentationController.swift */,
				2D0606CC1E0A97DE00AA0C41 /* SlideInPresentationManager.swift */,
				2D0606CD1E0A97DE00AA0C41 /* SlideOutAnimationController.swift */,
			);
			path = SlideInPresentationController;
			sourceTree = "<group>";
		};
		2D0606D11E0A97DE00AA0C41 /* Views */ = {
			isa = PBXGroup;
			children = (
				2D0606D21E0A97DE00AA0C41 /* RoundedView.swift */,
				2D0606D31E0A97DE00AA0C41 /* TableViewCell.swift */,
			);
			path = Views;
			sourceTree = "<group>";
		};
		2D0606D41E0A97DE00AA0C41 /* Resurses */ = {
			isa = PBXGroup;
			children = (
			);
			path = Resurses;
			sourceTree = "<group>";
		};
		2D0606D51E0A97DE00AA0C41 /* Sources */ = {
			isa = PBXGroup;
			children = (
				2D0606D61E0A97DE00AA0C41 /* Models */,
				2D0606E31E0A97DE00AA0C41 /* RecipesList-Bridging-Header.h */,
				2D0606E41E0A97DE00AA0C41 /* UI */,
			);
			path = Sources;
			sourceTree = "<group>";
		};
		2D0606D61E0A97DE00AA0C41 /* Models */ = {
			isa = PBXGroup;
			children = (
				2DFA62BC1E128E4900304A70 /* Collections */,
				2D0606E01E0A97DE00AA0C41 /* Recipe.swift */,
				2D0606E11E0A97DE00AA0C41 /* RecipeComponent.swift */,
				2D0606D71E0A97DE00AA0C41 /* CalculatedRecipe.swift */,
				2DFA62881E10DE9D00304A70 /* CoreData */,
			);
			path = Models;
			sourceTree = "<group>";
		};
		2D0606E41E0A97DE00AA0C41 /* UI */ = {
			isa = PBXGroup;
			children = (
				2D0606E51E0A97DE00AA0C41 /* EditRecipeViewController */,
				2D0606EF1E0A97DE00AA0C41 /* LoadingCalculatorViewController */,
				2D0606F41E0A97DE00AA0C41 /* LoginViewController */,
				2D0606F71E0A97DE00AA0C41 /* RecipeDetailViewControllet */,
				2D0607021E0A97DE00AA0C41 /* RecipesViewController */,
				2D0607081E0A97DE00AA0C41 /* SettingsViewController */,
			);
			path = UI;
			sourceTree = "<group>";
		};
		2D0606E51E0A97DE00AA0C41 /* EditRecipeViewController */ = {
			isa = PBXGroup;
			children = (
				2D0606E61E0A97DE00AA0C41 /* EditRecipeCells */,
				2D0606EE1E0A97DE00AA0C41 /* EditRecipeViewController.swift */,
			);
			path = EditRecipeViewController;
			sourceTree = "<group>";
		};
		2D0606E61E0A97DE00AA0C41 /* EditRecipeCells */ = {
			isa = PBXGroup;
			children = (
				2D0606E71E0A97DE00AA0C41 /* EditTableViewCell.swift */,
				2D0606E81E0A97DE00AA0C41 /* RecipeComonentEditCell */,
				2D0606EB1E0A97DE00AA0C41 /* RecipeEditHeaderCell */,
			);
			path = EditRecipeCells;
			sourceTree = "<group>";
		};
		2D0606E81E0A97DE00AA0C41 /* RecipeComonentEditCell */ = {
			isa = PBXGroup;
			children = (
				2D0606E91E0A97DE00AA0C41 /* RecipeComponentEditCell.swift */,
				2D0606EA1E0A97DE00AA0C41 /* RecipeComponentEditCell.xib */,
			);
			path = RecipeComonentEditCell;
			sourceTree = "<group>";
		};
		2D0606EB1E0A97DE00AA0C41 /* RecipeEditHeaderCell */ = {
			isa = PBXGroup;
			children = (
				2D0606EC1E0A97DE00AA0C41 /* RecipeEditHeaderCell.swift */,
				2D0606ED1E0A97DE00AA0C41 /* RecipeEditHeaderCell.xib */,
			);
			path = RecipeEditHeaderCell;
			sourceTree = "<group>";
		};
		2D0606EF1E0A97DE00AA0C41 /* LoadingCalculatorViewController */ = {
			isa = PBXGroup;
			children = (
				2D0606F01E0A97DE00AA0C41 /* CalulateValueCell */,
				2D0606F31E0A97DE00AA0C41 /* LoadingCalculatorViewController.swift */,
			);
			path = LoadingCalculatorViewController;
			sourceTree = "<group>";
		};
		2D0606F01E0A97DE00AA0C41 /* CalulateValueCell */ = {
			isa = PBXGroup;
			children = (
				2D0606F11E0A97DE00AA0C41 /* CalculateValueCell.swift */,
				2D0606F21E0A97DE00AA0C41 /* CalculateValueCell.xib */,
			);
			path = CalulateValueCell;
			sourceTree = "<group>";
		};
		2D0606F41E0A97DE00AA0C41 /* LoginViewController */ = {
			isa = PBXGroup;
			children = (
				2D0606F51E0A97DE00AA0C41 /* LoginView.swift */,
				2D0606F61E0A97DE00AA0C41 /* LoginViewController.swift */,
			);
			path = LoginViewController;
			sourceTree = "<group>";
		};
		2D0606F71E0A97DE00AA0C41 /* RecipeDetailViewControllet */ = {
			isa = PBXGroup;
			children = (
				2D0606F81E0A97DE00AA0C41 /* RecipeDetailCells */,
				2D0607001E0A97DE00AA0C41 /* RecipeDetailView.swift */,
				2D0607011E0A97DE00AA0C41 /* RecipeDetailViewController.swift */,
			);
			path = RecipeDetailViewControllet;
			sourceTree = "<group>";
		};
		2D0606F81E0A97DE00AA0C41 /* RecipeDetailCells */ = {
			isa = PBXGroup;
			children = (
				2D0606F91E0A97DE00AA0C41 /* RecipeCopmonentCell */,
				2D0606FC1E0A97DE00AA0C41 /* RecipeDetailCell.swift */,
				2D0606FD1E0A97DE00AA0C41 /* RecipeDetailHeaderCell */,
			);
			path = RecipeDetailCells;
			sourceTree = "<group>";
		};
		2D0606F91E0A97DE00AA0C41 /* RecipeCopmonentCell */ = {
			isa = PBXGroup;
			children = (
				2D0606FA1E0A97DE00AA0C41 /* RecipeComponentCell.swift */,
				2D0606FB1E0A97DE00AA0C41 /* RecipeComponentCell.xib */,
			);
			path = RecipeCopmonentCell;
			sourceTree = "<group>";
		};
		2D0606FD1E0A97DE00AA0C41 /* RecipeDetailHeaderCell */ = {
			isa = PBXGroup;
			children = (
				2D0606FE1E0A97DE00AA0C41 /* RecipeDetailHeaderCell.swift */,
				2D0606FF1E0A97DE00AA0C41 /* RecipeDetailHeaderCell.xib */,
			);
			path = RecipeDetailHeaderCell;
			sourceTree = "<group>";
		};
		2D0607021E0A97DE00AA0C41 /* RecipesViewController */ = {
			isa = PBXGroup;
			children = (
				2D0607031E0A97DE00AA0C41 /* RecipeCell */,
				2D0607061E0A97DE00AA0C41 /* RecipesView.swift */,
				2D0607071E0A97DE00AA0C41 /* RecipesViewController.swift */,
			);
			path = RecipesViewController;
			sourceTree = "<group>";
		};
		2D0607031E0A97DE00AA0C41 /* RecipeCell */ = {
			isa = PBXGroup;
			children = (
				2D0607041E0A97DE00AA0C41 /* RecipeCollectionViewCell.swift */,
				2D0607051E0A97DE00AA0C41 /* RecipeCollectionViewCell.xib */,
			);
			path = RecipeCell;
			sourceTree = "<group>";
		};
		2D0607081E0A97DE00AA0C41 /* SettingsViewController */ = {
			isa = PBXGroup;
			children = (
				2D0607091E0A97DE00AA0C41 /* SettingsViewController.swift */,
			);
			path = SettingsViewController;
			sourceTree = "<group>";
		};
		2D06074C1E0AA1DA00AA0C41 /* Other */ = {
			isa = PBXGroup;
			children = (
				2D06074D1E0AA1DA00AA0C41 /* GoogleService-Info.plist */,
				2D06074E1E0AA1DA00AA0C41 /* Info.plist */,
			);
			path = Other;
			sourceTree = "<group>";
		};
		2D0607531E0AA25B00AA0C41 /* Base.lproj */ = {
			isa = PBXGroup;
			children = (
				2D06075A1E0AA3FD00AA0C41 /* LaunchScreen.storyboard */,
				2D06075C1E0AA3FD00AA0C41 /* Main.storyboard */,
			);
			name = Base.lproj;
			path = "../../../untitled folder/RecipesList/RecipesList/Base.lproj";
			sourceTree = "<group>";
		};
		2D64F34A1E0C4BA500F6C968 /* NSManagedObject */ = {
			isa = PBXGroup;
			children = (
				2D64F34B1E0C4BA500F6C968 /* NSManagedObject+BPVExtensions.h */,
				2D64F34C1E0C4BA500F6C968 /* NSManagedObject+BPVExtensions.m */,
			);
			path = NSManagedObject;
			sourceTree = "<group>";
		};
		2DFA62881E10DE9D00304A70 /* CoreData */ = {
			isa = PBXGroup;
			children = (
				2DFA62921E10DE9D00304A70 /* DB */,
				2DFA62891E10DE9D00304A70 /* CDComponent */,
				2DFA628C1E10DE9D00304A70 /* CDRecipe */,
				2DFA628F1E10DE9D00304A70 /* CDUser */,
				2DFA62951E10DE9D00304A70 /* DBComponents.swift */,
				2DFA62961E10DE9D00304A70 /* DBRecipes.swift */,
			);
			path = CoreData;
			sourceTree = "<group>";
		};
		2DFA62891E10DE9D00304A70 /* CDComponent */ = {
			isa = PBXGroup;
			children = (
				2DFA628A1E10DE9D00304A70 /* CDComponent+CoreDataClass.swift */,
				2DFA628B1E10DE9D00304A70 /* CDComponent+CoreDataProperties.swift */,
			);
			path = CDComponent;
			sourceTree = "<group>";
		};
		2DFA628C1E10DE9D00304A70 /* CDRecipe */ = {
			isa = PBXGroup;
			children = (
				2DFA628D1E10DE9D00304A70 /* CDRecipe+CoreDataClass.swift */,
				2DFA628E1E10DE9D00304A70 /* CDRecipe+CoreDataProperties.swift */,
			);
			path = CDRecipe;
			sourceTree = "<group>";
		};
		2DFA628F1E10DE9D00304A70 /* CDUser */ = {
			isa = PBXGroup;
			children = (
				2DFA62901E10DE9D00304A70 /* CDUser+CoreDataClass.swift */,
				2DFA62911E10DE9D00304A70 /* CDUser+CoreDataProperties.swift */,
			);
			path = CDUser;
			sourceTree = "<group>";
		};
		2DFA62921E10DE9D00304A70 /* DB */ = {
			isa = PBXGroup;
			children = (
				2DFA62931E10DE9D00304A70 /* DataBase.xcdatamodeld */,
			);
			path = DB;
			sourceTree = "<group>";
		};
		2DFA62BC1E128E4900304A70 /* Collections */ = {
			isa = PBXGroup;
			children = (
				2DFA62BD1E128E4900304A70 /* Components.swift */,
				2DFA62BE1E128E4900304A70 /* Recipes.swift */,
			);
			path = Collections;
			sourceTree = "<group>";
		};
		5AE636AAA67DC473EF438C51 /* Frameworks */ = {
			isa = PBXGroup;
			children = (
				972610C38E5E7F64DBA48A4B /* Pods_RecipesList.framework */,
			);
			name = Frameworks;
			sourceTree = "<group>";
		};
		8AB285446DCEC688D87678F7 /* Pods */ = {
			isa = PBXGroup;
			children = (
				414134012F3211C5422B5187 /* Pods-RecipesList.debug.xcconfig */,
				532BC55D700BC5CDA93A15FC /* Pods-RecipesList.release.xcconfig */,
			);
			name = Pods;
			sourceTree = "<group>";
		};
/* End PBXGroup section */

/* Begin PBXNativeTarget section */
		2D0606891E0A979B00AA0C41 /* RecipesList */ = {
			isa = PBXNativeTarget;
			buildConfigurationList = 2D0606B21E0A979B00AA0C41 /* Build configuration list for PBXNativeTarget "RecipesList" */;
			buildPhases = (
				377ABEF02E6AC331DF0E2017 /* [CP] Check Pods Manifest.lock */,
				2D0606861E0A979B00AA0C41 /* Sources */,
				2D0606871E0A979B00AA0C41 /* Frameworks */,
				2D0606881E0A979B00AA0C41 /* Resources */,
				792AE674DC24597774A2F7F4 /* [CP] Embed Pods Frameworks */,
				BF343B22B21E85C1FB928833 /* [CP] Copy Pods Resources */,
			);
			buildRules = (
			);
			dependencies = (
			);
			name = RecipesList;
			productName = RecipesList;
			productReference = 2D06068A1E0A979B00AA0C41 /* RecipesList.app */;
			productType = "com.apple.product-type.application";
		};
		2D06069D1E0A979B00AA0C41 /* RecipesListTests */ = {
			isa = PBXNativeTarget;
			buildConfigurationList = 2D0606B51E0A979B00AA0C41 /* Build configuration list for PBXNativeTarget "RecipesListTests" */;
			buildPhases = (
				2D06069A1E0A979B00AA0C41 /* Sources */,
				2D06069B1E0A979B00AA0C41 /* Frameworks */,
				2D06069C1E0A979B00AA0C41 /* Resources */,
			);
			buildRules = (
			);
			dependencies = (
				2D0606A01E0A979B00AA0C41 /* PBXTargetDependency */,
			);
			name = RecipesListTests;
			productName = RecipesListTests;
			productReference = 2D06069E1E0A979B00AA0C41 /* RecipesListTests.xctest */;
			productType = "com.apple.product-type.bundle.unit-test";
		};
		2D0606A81E0A979B00AA0C41 /* RecipesListUITests */ = {
			isa = PBXNativeTarget;
			buildConfigurationList = 2D0606B81E0A979B00AA0C41 /* Build configuration list for PBXNativeTarget "RecipesListUITests" */;
			buildPhases = (
				2D0606A51E0A979B00AA0C41 /* Sources */,
				2D0606A61E0A979B00AA0C41 /* Frameworks */,
				2D0606A71E0A979B00AA0C41 /* Resources */,
			);
			buildRules = (
			);
			dependencies = (
				2D0606AB1E0A979B00AA0C41 /* PBXTargetDependency */,
			);
			name = RecipesListUITests;
			productName = RecipesListUITests;
			productReference = 2D0606A91E0A979B00AA0C41 /* RecipesListUITests.xctest */;
			productType = "com.apple.product-type.bundle.ui-testing";
		};
/* End PBXNativeTarget section */

/* Begin PBXProject section */
		2D0606821E0A979B00AA0C41 /* Project object */ = {
			isa = PBXProject;
			attributes = {
				LastSwiftUpdateCheck = 0810;
				LastUpgradeCheck = 0810;
				ORGANIZATIONNAME = "Pavel Bondar";
				TargetAttributes = {
					2D0606891E0A979B00AA0C41 = {
						CreatedOnToolsVersion = 8.1;
						LastSwiftMigration = 0810;
						ProvisioningStyle = Automatic;
					};
					2D06069D1E0A979B00AA0C41 = {
						CreatedOnToolsVersion = 8.1;
						ProvisioningStyle = Automatic;
						TestTargetID = 2D0606891E0A979B00AA0C41;
					};
					2D0606A81E0A979B00AA0C41 = {
						CreatedOnToolsVersion = 8.1;
						ProvisioningStyle = Automatic;
						TestTargetID = 2D0606891E0A979B00AA0C41;
					};
				};
			};
			buildConfigurationList = 2D0606851E0A979B00AA0C41 /* Build configuration list for PBXProject "RecipesList" */;
			compatibilityVersion = "Xcode 3.2";
			developmentRegion = English;
			hasScannedForEncodings = 0;
			knownRegions = (
				en,
				Base,
			);
			mainGroup = 2D0606811E0A979B00AA0C41;
			productRefGroup = 2D06068B1E0A979B00AA0C41 /* Products */;
			projectDirPath = "";
			projectRoot = "";
			targets = (
				2D0606891E0A979B00AA0C41 /* RecipesList */,
				2D06069D1E0A979B00AA0C41 /* RecipesListTests */,
				2D0606A81E0A979B00AA0C41 /* RecipesListUITests */,
			);
		};
/* End PBXProject section */

/* Begin PBXResourcesBuildPhase section */
		2D0606881E0A979B00AA0C41 /* Resources */ = {
			isa = PBXResourcesBuildPhase;
			buildActionMask = 2147483647;
			files = (
				2D06075E1E0AA3FD00AA0C41 /* LaunchScreen.storyboard in Resources */,
				2D06075F1E0AA3FD00AA0C41 /* Main.storyboard in Resources */,
				2D0607271E0A97DE00AA0C41 /* RecipeComponentEditCell.xib in Resources */,
				2D0607311E0A97DE00AA0C41 /* RecipeComponentCell.xib in Resources */,
				2D06072C1E0A97DE00AA0C41 /* CalculateValueCell.xib in Resources */,
				2D0607291E0A97DE00AA0C41 /* RecipeEditHeaderCell.xib in Resources */,
				2D0607381E0A97DE00AA0C41 /* RecipeCollectionViewCell.xib in Resources */,
				2D0606951E0A979B00AA0C41 /* Assets.xcassets in Resources */,
				2D06074F1E0AA1DA00AA0C41 /* GoogleService-Info.plist in Resources */,
				2D0607341E0A97DE00AA0C41 /* RecipeDetailHeaderCell.xib in Resources */,
			);
			runOnlyForDeploymentPostprocessing = 0;
		};
		2D06069C1E0A979B00AA0C41 /* Resources */ = {
			isa = PBXResourcesBuildPhase;
			buildActionMask = 2147483647;
			files = (
			);
			runOnlyForDeploymentPostprocessing = 0;
		};
		2D0606A71E0A979B00AA0C41 /* Resources */ = {
			isa = PBXResourcesBuildPhase;
			buildActionMask = 2147483647;
			files = (
			);
			runOnlyForDeploymentPostprocessing = 0;
		};
/* End PBXResourcesBuildPhase section */

/* Begin PBXShellScriptBuildPhase section */
		377ABEF02E6AC331DF0E2017 /* [CP] Check Pods Manifest.lock */ = {
			isa = PBXShellScriptBuildPhase;
			buildActionMask = 2147483647;
			files = (
			);
			inputPaths = (
			);
			name = "[CP] Check Pods Manifest.lock";
			outputPaths = (
			);
			runOnlyForDeploymentPostprocessing = 0;
			shellPath = /bin/sh;
			shellScript = "diff \"${PODS_ROOT}/../Podfile.lock\" \"${PODS_ROOT}/Manifest.lock\" > /dev/null\nif [ $? != 0 ] ; then\n    # print error to STDERR\n    echo \"error: The sandbox is not in sync with the Podfile.lock. Run 'pod install' or update your CocoaPods installation.\" >&2\n    exit 1\nfi\n";
			showEnvVarsInLog = 0;
		};
		792AE674DC24597774A2F7F4 /* [CP] Embed Pods Frameworks */ = {
			isa = PBXShellScriptBuildPhase;
			buildActionMask = 2147483647;
			files = (
			);
			inputPaths = (
			);
			name = "[CP] Embed Pods Frameworks";
			outputPaths = (
			);
			runOnlyForDeploymentPostprocessing = 0;
			shellPath = /bin/sh;
			shellScript = "\"${SRCROOT}/Pods/Target Support Files/Pods-RecipesList/Pods-RecipesList-frameworks.sh\"\n";
			showEnvVarsInLog = 0;
		};
		BF343B22B21E85C1FB928833 /* [CP] Copy Pods Resources */ = {
			isa = PBXShellScriptBuildPhase;
			buildActionMask = 2147483647;
			files = (
			);
			inputPaths = (
			);
			name = "[CP] Copy Pods Resources";
			outputPaths = (
			);
			runOnlyForDeploymentPostprocessing = 0;
			shellPath = /bin/sh;
			shellScript = "\"${SRCROOT}/Pods/Target Support Files/Pods-RecipesList/Pods-RecipesList-resources.sh\"\n";
			showEnvVarsInLog = 0;
		};
/* End PBXShellScriptBuildPhase section */

/* Begin PBXSourcesBuildPhase section */
		2D0606861E0A979B00AA0C41 /* Sources */ = {
			isa = PBXSourcesBuildPhase;
			buildActionMask = 2147483647;
			files = (
				2D06070E1E0A97DE00AA0C41 /* UIViewController.swift in Sources */,
				2D06070A1E0A97DE00AA0C41 /* Array.swift in Sources */,
				2D0607191E0A97DE00AA0C41 /* RoundedView.swift in Sources */,
				2D0607521E0AA23300AA0C41 /* AppDelegate.swift in Sources */,
				2D0607261E0A97DE00AA0C41 /* RecipeComponentEditCell.swift in Sources */,
				2D0607301E0A97DE00AA0C41 /* RecipeComponentCell.swift in Sources */,
				2D06071A1E0A97DE00AA0C41 /* TableViewCell.swift in Sources */,
				2D0607171E0A97DE00AA0C41 /* TrancitionViewController.swift in Sources */,
				2D0607351E0A97DE00AA0C41 /* RecipeDetailView.swift in Sources */,
				2D0607101E0A97DE00AA0C41 /* ArrayModel.swift in Sources */,
				2DFA629A1E10DE9D00304A70 /* CDRecipe+CoreDataProperties.swift in Sources */,
				2D06072B1E0A97DE00AA0C41 /* CalculateValueCell.swift in Sources */,
				2D06070B1E0A97DE00AA0C41 /* UICollectionView.swift in Sources */,
				2DFA62BF1E128E4900304A70 /* Components.swift in Sources */,
				2DFA629E1E10DE9D00304A70 /* DBComponents.swift in Sources */,
				2D0607121E0A97DE00AA0C41 /* SlideInPresentationAnimator.swift in Sources */,
				2D0607251E0A97DE00AA0C41 /* EditTableViewCell.swift in Sources */,
				2D0607111E0A97DE00AA0C41 /* Model.swift in Sources */,
				2D06073B1E0A97DE00AA0C41 /* SettingsViewController.swift in Sources */,
				2DFA62971E10DE9D00304A70 /* CDComponent+CoreDataClass.swift in Sources */,
				2D64F3491E0C3ED500F6C968 /* DBArrayModel.swift in Sources */,
				2D0607361E0A97DE00AA0C41 /* RecipeDetailViewController.swift in Sources */,
				2D0607141E0A97DE00AA0C41 /* SlideInPresentationManager.swift in Sources */,
				2D06071B1E0A97DE00AA0C41 /* CalculatedRecipe.swift in Sources */,
				2D0607321E0A97DE00AA0C41 /* RecipeDetailCell.swift in Sources */,
				2D06072A1E0A97DE00AA0C41 /* EditRecipeViewController.swift in Sources */,
				2D0607181E0A97DE00AA0C41 /* ViewController.swift in Sources */,
				2DFA629C1E10DE9D00304A70 /* CDUser+CoreDataProperties.swift in Sources */,
				2DFA62C01E128E4900304A70 /* Recipes.swift in Sources */,
				2D0607371E0A97DE00AA0C41 /* RecipeCollectionViewCell.swift in Sources */,
				2D06073A1E0A97DE00AA0C41 /* RecipesViewController.swift in Sources */,
				2DFA62991E10DE9D00304A70 /* CDRecipe+CoreDataClass.swift in Sources */,
				2D06072F1E0A97DE00AA0C41 /* LoginViewController.swift in Sources */,
				2D0607151E0A97DE00AA0C41 /* SlideOutAnimationController.swift in Sources */,
				2D06072D1E0A97DE00AA0C41 /* LoadingCalculatorViewController.swift in Sources */,
				2DFA629B1E10DE9D00304A70 /* CDUser+CoreDataClass.swift in Sources */,
				2D06070C1E0A97DE00AA0C41 /* UINib.swift in Sources */,
				2DFA62981E10DE9D00304A70 /* CDComponent+CoreDataProperties.swift in Sources */,
				2D06070D1E0A97DE00AA0C41 /* UITableView.swift in Sources */,
				2DFA629D1E10DE9D00304A70 /* DataBase.xcdatamodeld in Sources */,
				2D0607131E0A97DE00AA0C41 /* SlideInPresentationController.swift in Sources */,
				2D06072E1E0A97DE00AA0C41 /* LoginView.swift in Sources */,
				2D0607221E0A97DE00AA0C41 /* Recipe.swift in Sources */,
				2D0607331E0A97DE00AA0C41 /* RecipeDetailHeaderCell.swift in Sources */,
				2DFA629F1E10DE9D00304A70 /* DBRecipes.swift in Sources */,
				2D0607281E0A97DE00AA0C41 /* RecipeEditHeaderCell.swift in Sources */,
				2D0607161E0A97DE00AA0C41 /* TableViewController.swift in Sources */,
				2D06070F1E0A97DE00AA0C41 /* UIWindow.swift in Sources */,
				2D0607391E0A97DE00AA0C41 /* RecipesView.swift in Sources */,
				2D64F34D1E0C4BA500F6C968 /* NSManagedObject+BPVExtensions.m in Sources */,
				2D0607231E0A97DE00AA0C41 /* RecipeComponent.swift in Sources */,
			);
			runOnlyForDeploymentPostprocessing = 0;
		};
		2D06069A1E0A979B00AA0C41 /* Sources */ = {
			isa = PBXSourcesBuildPhase;
			buildActionMask = 2147483647;
			files = (
				2D0606A31E0A979B00AA0C41 /* RecipesListTests.swift in Sources */,
			);
			runOnlyForDeploymentPostprocessing = 0;
		};
		2D0606A51E0A979B00AA0C41 /* Sources */ = {
			isa = PBXSourcesBuildPhase;
			buildActionMask = 2147483647;
			files = (
				2D0606AE1E0A979B00AA0C41 /* RecipesListUITests.swift in Sources */,
			);
			runOnlyForDeploymentPostprocessing = 0;
		};
/* End PBXSourcesBuildPhase section */

/* Begin PBXTargetDependency section */
		2D0606A01E0A979B00AA0C41 /* PBXTargetDependency */ = {
			isa = PBXTargetDependency;
			target = 2D0606891E0A979B00AA0C41 /* RecipesList */;
			targetProxy = 2D06069F1E0A979B00AA0C41 /* PBXContainerItemProxy */;
		};
		2D0606AB1E0A979B00AA0C41 /* PBXTargetDependency */ = {
			isa = PBXTargetDependency;
			target = 2D0606891E0A979B00AA0C41 /* RecipesList */;
			targetProxy = 2D0606AA1E0A979B00AA0C41 /* PBXContainerItemProxy */;
		};
/* End PBXTargetDependency section */

/* Begin PBXVariantGroup section */
		2D06075A1E0AA3FD00AA0C41 /* LaunchScreen.storyboard */ = {
			isa = PBXVariantGroup;
			children = (
				2D06075B1E0AA3FD00AA0C41 /* Base */,
			);
			name = LaunchScreen.storyboard;
			sourceTree = "<group>";
		};
		2D06075C1E0AA3FD00AA0C41 /* Main.storyboard */ = {
			isa = PBXVariantGroup;
			children = (
				2D06075D1E0AA3FD00AA0C41 /* Base */,
			);
			name = Main.storyboard;
			sourceTree = "<group>";
		};
/* End PBXVariantGroup section */

/* Begin XCBuildConfiguration section */
		2D0606B01E0A979B00AA0C41 /* Debug */ = {
			isa = XCBuildConfiguration;
			buildSettings = {
				ALWAYS_SEARCH_USER_PATHS = NO;
				CLANG_ANALYZER_NONNULL = YES;
				CLANG_CXX_LANGUAGE_STANDARD = "gnu++0x";
				CLANG_CXX_LIBRARY = "libc++";
				CLANG_ENABLE_MODULES = YES;
				CLANG_ENABLE_OBJC_ARC = YES;
				CLANG_WARN_BOOL_CONVERSION = YES;
				CLANG_WARN_CONSTANT_CONVERSION = YES;
				CLANG_WARN_DIRECT_OBJC_ISA_USAGE = YES_ERROR;
				CLANG_WARN_DOCUMENTATION_COMMENTS = YES;
				CLANG_WARN_EMPTY_BODY = YES;
				CLANG_WARN_ENUM_CONVERSION = YES;
				CLANG_WARN_INFINITE_RECURSION = YES;
				CLANG_WARN_INT_CONVERSION = YES;
				CLANG_WARN_OBJC_ROOT_CLASS = YES_ERROR;
				CLANG_WARN_SUSPICIOUS_MOVE = YES;
				CLANG_WARN_SUSPICIOUS_MOVES = YES;
				CLANG_WARN_UNREACHABLE_CODE = YES;
				CLANG_WARN__DUPLICATE_METHOD_MATCH = YES;
				"CODE_SIGN_IDENTITY[sdk=iphoneos*]" = "iPhone Developer";
				COPY_PHASE_STRIP = NO;
				DEBUG_INFORMATION_FORMAT = dwarf;
				ENABLE_STRICT_OBJC_MSGSEND = YES;
				ENABLE_TESTABILITY = YES;
				GCC_C_LANGUAGE_STANDARD = gnu99;
				GCC_DYNAMIC_NO_PIC = NO;
				GCC_NO_COMMON_BLOCKS = YES;
				GCC_OPTIMIZATION_LEVEL = 0;
				GCC_PREPROCESSOR_DEFINITIONS = (
					"DEBUG=1",
					"$(inherited)",
				);
				GCC_WARN_64_TO_32_BIT_CONVERSION = YES;
				GCC_WARN_ABOUT_RETURN_TYPE = YES_ERROR;
				GCC_WARN_UNDECLARED_SELECTOR = YES;
				GCC_WARN_UNINITIALIZED_AUTOS = YES_AGGRESSIVE;
				GCC_WARN_UNUSED_FUNCTION = YES;
				GCC_WARN_UNUSED_VARIABLE = YES;
				IPHONEOS_DEPLOYMENT_TARGET = 10.1;
				MTL_ENABLE_DEBUG_INFO = YES;
				ONLY_ACTIVE_ARCH = YES;
				SDKROOT = iphoneos;
				SWIFT_ACTIVE_COMPILATION_CONDITIONS = DEBUG;
				SWIFT_OPTIMIZATION_LEVEL = "-Onone";
				TARGETED_DEVICE_FAMILY = "1,2";
			};
			name = Debug;
		};
		2D0606B11E0A979B00AA0C41 /* Release */ = {
			isa = XCBuildConfiguration;
			buildSettings = {
				ALWAYS_SEARCH_USER_PATHS = NO;
				CLANG_ANALYZER_NONNULL = YES;
				CLANG_CXX_LANGUAGE_STANDARD = "gnu++0x";
				CLANG_CXX_LIBRARY = "libc++";
				CLANG_ENABLE_MODULES = YES;
				CLANG_ENABLE_OBJC_ARC = YES;
				CLANG_WARN_BOOL_CONVERSION = YES;
				CLANG_WARN_CONSTANT_CONVERSION = YES;
				CLANG_WARN_DIRECT_OBJC_ISA_USAGE = YES_ERROR;
				CLANG_WARN_DOCUMENTATION_COMMENTS = YES;
				CLANG_WARN_EMPTY_BODY = YES;
				CLANG_WARN_ENUM_CONVERSION = YES;
				CLANG_WARN_INFINITE_RECURSION = YES;
				CLANG_WARN_INT_CONVERSION = YES;
				CLANG_WARN_OBJC_ROOT_CLASS = YES_ERROR;
				CLANG_WARN_SUSPICIOUS_MOVE = YES;
				CLANG_WARN_SUSPICIOUS_MOVES = YES;
				CLANG_WARN_UNREACHABLE_CODE = YES;
				CLANG_WARN__DUPLICATE_METHOD_MATCH = YES;
				"CODE_SIGN_IDENTITY[sdk=iphoneos*]" = "iPhone Developer";
				COPY_PHASE_STRIP = NO;
				DEBUG_INFORMATION_FORMAT = "dwarf-with-dsym";
				ENABLE_NS_ASSERTIONS = NO;
				ENABLE_STRICT_OBJC_MSGSEND = YES;
				GCC_C_LANGUAGE_STANDARD = gnu99;
				GCC_NO_COMMON_BLOCKS = YES;
				GCC_WARN_64_TO_32_BIT_CONVERSION = YES;
				GCC_WARN_ABOUT_RETURN_TYPE = YES_ERROR;
				GCC_WARN_UNDECLARED_SELECTOR = YES;
				GCC_WARN_UNINITIALIZED_AUTOS = YES_AGGRESSIVE;
				GCC_WARN_UNUSED_FUNCTION = YES;
				GCC_WARN_UNUSED_VARIABLE = YES;
				IPHONEOS_DEPLOYMENT_TARGET = 10.1;
				MTL_ENABLE_DEBUG_INFO = NO;
				SDKROOT = iphoneos;
				SWIFT_OPTIMIZATION_LEVEL = "-Owholemodule";
				TARGETED_DEVICE_FAMILY = "1,2";
				VALIDATE_PRODUCT = YES;
			};
			name = Release;
		};
		2D0606B31E0A979B00AA0C41 /* Debug */ = {
			isa = XCBuildConfiguration;
			baseConfigurationReference = 414134012F3211C5422B5187 /* Pods-RecipesList.debug.xcconfig */;
			buildSettings = {
				ASSETCATALOG_COMPILER_APPICON_NAME = AppIcon;
				CLANG_ENABLE_MODULES = YES;
				INFOPLIST_FILE = "$(SRCROOT)/RecipesList/Other/Info.plist";
				LD_RUNPATH_SEARCH_PATHS = "$(inherited) @executable_path/Frameworks";
				PRODUCT_BUNDLE_IDENTIFIER = pavelbondar.RecipesList;
				PRODUCT_NAME = "$(TARGET_NAME)";
				SWIFT_OBJC_BRIDGING_HEADER = "RecipesList/RecipesList-Bridging-Header.h";
				SWIFT_OPTIMIZATION_LEVEL = "-Onone";
				SWIFT_VERSION = 3.0;
			};
			name = Debug;
		};
		2D0606B41E0A979B00AA0C41 /* Release */ = {
			isa = XCBuildConfiguration;
			baseConfigurationReference = 532BC55D700BC5CDA93A15FC /* Pods-RecipesList.release.xcconfig */;
			buildSettings = {
				ASSETCATALOG_COMPILER_APPICON_NAME = AppIcon;
				CLANG_ENABLE_MODULES = YES;
				INFOPLIST_FILE = "$(SRCROOT)/RecipesList/Other/Info.plist";
				LD_RUNPATH_SEARCH_PATHS = "$(inherited) @executable_path/Frameworks";
				PRODUCT_BUNDLE_IDENTIFIER = pavelbondar.RecipesList;
				PRODUCT_NAME = "$(TARGET_NAME)";
				SWIFT_OBJC_BRIDGING_HEADER = "RecipesList/RecipesList-Bridging-Header.h";
				SWIFT_VERSION = 3.0;
			};
			name = Release;
		};
		2D0606B61E0A979B00AA0C41 /* Debug */ = {
			isa = XCBuildConfiguration;
			buildSettings = {
				ALWAYS_EMBED_SWIFT_STANDARD_LIBRARIES = YES;
				BUNDLE_LOADER = "$(TEST_HOST)";
				INFOPLIST_FILE = RecipesListTests/Info.plist;
				LD_RUNPATH_SEARCH_PATHS = "$(inherited) @executable_path/Frameworks @loader_path/Frameworks";
				PRODUCT_BUNDLE_IDENTIFIER = pavelbondar.RecipesListTests;
				PRODUCT_NAME = "$(TARGET_NAME)";
				SWIFT_VERSION = 3.0;
				TEST_HOST = "$(BUILT_PRODUCTS_DIR)/RecipesList.app/RecipesList";
			};
			name = Debug;
		};
		2D0606B71E0A979B00AA0C41 /* Release */ = {
			isa = XCBuildConfiguration;
			buildSettings = {
				ALWAYS_EMBED_SWIFT_STANDARD_LIBRARIES = YES;
				BUNDLE_LOADER = "$(TEST_HOST)";
				INFOPLIST_FILE = RecipesListTests/Info.plist;
				LD_RUNPATH_SEARCH_PATHS = "$(inherited) @executable_path/Frameworks @loader_path/Frameworks";
				PRODUCT_BUNDLE_IDENTIFIER = pavelbondar.RecipesListTests;
				PRODUCT_NAME = "$(TARGET_NAME)";
				SWIFT_VERSION = 3.0;
				TEST_HOST = "$(BUILT_PRODUCTS_DIR)/RecipesList.app/RecipesList";
			};
			name = Release;
		};
		2D0606B91E0A979B00AA0C41 /* Debug */ = {
			isa = XCBuildConfiguration;
			buildSettings = {
				ALWAYS_EMBED_SWIFT_STANDARD_LIBRARIES = YES;
				INFOPLIST_FILE = RecipesListUITests/Info.plist;
				LD_RUNPATH_SEARCH_PATHS = "$(inherited) @executable_path/Frameworks @loader_path/Frameworks";
				PRODUCT_BUNDLE_IDENTIFIER = pavelbondar.RecipesListUITests;
				PRODUCT_NAME = "$(TARGET_NAME)";
				SWIFT_VERSION = 3.0;
				TEST_TARGET_NAME = RecipesList;
			};
			name = Debug;
		};
		2D0606BA1E0A979B00AA0C41 /* Release */ = {
			isa = XCBuildConfiguration;
			buildSettings = {
				ALWAYS_EMBED_SWIFT_STANDARD_LIBRARIES = YES;
				INFOPLIST_FILE = RecipesListUITests/Info.plist;
				LD_RUNPATH_SEARCH_PATHS = "$(inherited) @executable_path/Frameworks @loader_path/Frameworks";
				PRODUCT_BUNDLE_IDENTIFIER = pavelbondar.RecipesListUITests;
				PRODUCT_NAME = "$(TARGET_NAME)";
				SWIFT_VERSION = 3.0;
				TEST_TARGET_NAME = RecipesList;
			};
			name = Release;
		};
/* End XCBuildConfiguration section */

/* Begin XCConfigurationList section */
		2D0606851E0A979B00AA0C41 /* Build configuration list for PBXProject "RecipesList" */ = {
			isa = XCConfigurationList;
			buildConfigurations = (
				2D0606B01E0A979B00AA0C41 /* Debug */,
				2D0606B11E0A979B00AA0C41 /* Release */,
			);
			defaultConfigurationIsVisible = 0;
			defaultConfigurationName = Release;
		};
		2D0606B21E0A979B00AA0C41 /* Build configuration list for PBXNativeTarget "RecipesList" */ = {
			isa = XCConfigurationList;
			buildConfigurations = (
				2D0606B31E0A979B00AA0C41 /* Debug */,
				2D0606B41E0A979B00AA0C41 /* Release */,
			);
			defaultConfigurationIsVisible = 0;
			defaultConfigurationName = Release;
		};
		2D0606B51E0A979B00AA0C41 /* Build configuration list for PBXNativeTarget "RecipesListTests" */ = {
			isa = XCConfigurationList;
			buildConfigurations = (
				2D0606B61E0A979B00AA0C41 /* Debug */,
				2D0606B71E0A979B00AA0C41 /* Release */,
			);
			defaultConfigurationIsVisible = 0;
			defaultConfigurationName = Release;
		};
		2D0606B81E0A979B00AA0C41 /* Build configuration list for PBXNativeTarget "RecipesListUITests" */ = {
			isa = XCConfigurationList;
			buildConfigurations = (
				2D0606B91E0A979B00AA0C41 /* Debug */,
				2D0606BA1E0A979B00AA0C41 /* Release */,
			);
			defaultConfigurationIsVisible = 0;
			defaultConfigurationName = Release;
		};
/* End XCConfigurationList section */

/* Begin XCVersionGroup section */
		2DFA62931E10DE9D00304A70 /* DataBase.xcdatamodeld */ = {
			isa = XCVersionGroup;
			children = (
				2DFA62941E10DE9D00304A70 /* DataBase.xcdatamodel */,
			);
			currentVersion = 2DFA62941E10DE9D00304A70 /* DataBase.xcdatamodel */;
			path = DataBase.xcdatamodeld;
			sourceTree = "<group>";
			versionGroupType = wrapper.xcdatamodel;
		};
/* End XCVersionGroup section */
	};
	rootObject = 2D0606821E0A979B00AA0C41 /* Project object */;
}
